
Microsoft Visual Studio Solution File, Format Version 12.00
# Visual Studio Version 17
VisualStudioVersion = 17.13.35931.197 d17.13
MinimumVisualStudioVersion = 10.0.40219.1
Project("{FAE04EC0-301F-11D3-BF4B-00C04F79EFBC}") = "Project_12_05_25", "Project_12_05_25.csproj", "{294E91BD-AF76-4712-B4AA-4361AB7F33B0}"
EndProject
Global
	GlobalSection(SolutionConfigurationPlatforms) = preSolution
		Debug|Any CPU = Debug|Any CPU
		Release|Any CPU = Release|Any CPU
	EndGlobalSection
	GlobalSection(ProjectConfigurationPlatforms) = postSolution
		{294E91BD-AF76-4712-B4AA-4361AB7F33B0}.Debug|Any CPU.ActiveCfg = Debug|Any CPU
		{294E91BD-AF76-4712-B4AA-4361AB7F33B0}.Debug|Any CPU.Build.0 = Debug|Any CPU
		{294E91BD-AF76-4712-B4AA-4361AB7F33B0}.Release|Any CPU.ActiveCfg = Release|Any CPU
		{294E91BD-AF76-4712-B4AA-4361AB7F33B0}.Release|Any CPU.Build.0 = Release|Any CPU
	EndGlobalSection
	GlobalSection(SolutionProperties) = preSolution
		HideSolutionNode = FALSE
	EndGlobalSection
	GlobalSection(ExtensibilityGlobals) = postSolution
		SolutionGuid = {DE580EEF-9017-4312-8107-BB6D58D70AB3}
	EndGlobalSection
EndGlobal
